<?xml version="1.0" encoding="UTF-8"?>
<CONFIG>
  <ProjectOptions>
    <Version Value="9"/>
    <PathDelim Value="\"/>
    <General>
      <SessionStorage Value="InProjectDir"/>
      <MainUnit Value="0"/>
      <Title Value="LuaMacros"/>
      <ResourceType Value="res"/>
      <UseXPManifest Value="True"/>
      <Icon Value="0"/>
    </General>
    <i18n>
      <EnableI18N LFM="False"/>
    </i18n>
    <VersionInfo>
      <UseVersionInfo Value="True"/>
      <AutoIncrementBuild Value="True"/>
      <MinorVersionNr Value="1"/>
      <BuildNr Value="4"/>
      <StringTable ProductVersion=""/>
    </VersionInfo>
    <BuildModes Count="1">
      <Item1 Name="Default" Default="True"/>
    </BuildModes>
    <PublishOptions>
      <Version Value="2"/>
    </PublishOptions>
    <RunParams>
      <local>
        <FormatVersion Value="1"/>
        <CommandLineParams Value="..\src\test.lua"/>
      </local>
    </RunParams>
    <RequiredPackages Count="5">
      <Item1>
        <PackageName Value="uniqueinstance_package"/>
      </Item1>
      <Item2>
        <PackageName Value="ExtraHighlighters_RT"/>
      </Item2>
      <Item3>
        <PackageName Value="LazSerialPort"/>
      </Item3>
      <Item4>
        <PackageName Value="SynEdit"/>
      </Item4>
      <Item5>
        <PackageName Value="LCL"/>
      </Item5>
    </RequiredPackages>
    <Units Count="23">
      <Unit0>
        <Filename Value="LuaMacros.lpr"/>
        <IsPartOfProject Value="True"/>
        <UnitName Value="LuaMacros"/>
      </Unit0>
      <Unit1>
        <Filename Value="umainfrm.pas"/>
        <IsPartOfProject Value="True"/>
        <ComponentName Value="LmcMainForm"/>
        <HasResources Value="True"/>
        <ResourceBaseClass Value="Form"/>
        <UnitName Value="uMainFrm"/>
      </Unit1>
      <Unit2>
        <Filename Value="MemMap.pas"/>
        <IsPartOfProject Value="True"/>
        <UnitName Value="MemMap"/>
      </Unit2>
      <Unit3>
        <Filename Value="uXplCommon.pas"/>
        <IsPartOfProject Value="True"/>
        <UnitName Value="uXplCommon"/>
      </Unit3>
      <Unit4>
        <Filename Value="uXplControl.pas"/>
        <IsPartOfProject Value="True"/>
        <UnitName Value="uXplControl"/>
      </Unit4>
      <Unit5>
        <Filename Value="uglobals.pas"/>
        <IsPartOfProject Value="True"/>
        <UnitName Value="uGlobals"/>
      </Unit5>
      <Unit6>
        <Filename Value="uluacmdxpl.pas"/>
        <IsPartOfProject Value="True"/>
        <UnitName Value="uLuaCmdXpl"/>
      </Unit6>
      <Unit7>
        <Filename Value="uluaengine.pas"/>
        <IsPartOfProject Value="True"/>
        <UnitName Value="uLuaEngine"/>
      </Unit7>
      <Unit8>
        <Filename Value="udxdeviceservice.pas"/>
        <IsPartOfProject Value="True"/>
        <UnitName Value="uDxDeviceService"/>
      </Unit8>
      <Unit9>
        <Filename Value="udevice.pas"/>
        <IsPartOfProject Value="True"/>
        <UnitName Value="uDevice"/>
      </Unit9>
      <Unit10>
        <Filename Value="udxdevice.pas"/>
        <IsPartOfProject Value="True"/>
        <UnitName Value="uDxDevice"/>
      </Unit10>
      <Unit11>
        <Filename Value="udeviceservice.pas"/>
        <IsPartOfProject Value="True"/>
        <UnitName Value="uDeviceService"/>
      </Unit11>
      <Unit12>
        <Filename Value="uluacmddevice.pas"/>
        <IsPartOfProject Value="True"/>
        <UnitName Value="uLuaCmdDevice"/>
      </Unit12>
      <Unit13>
        <Filename Value="ucomdevice.pas"/>
        <IsPartOfProject Value="True"/>
        <UnitName Value="uComDevice"/>
      </Unit13>
      <Unit14>
        <Filename Value="ucomdeviceservice.pas"/>
        <IsPartOfProject Value="True"/>
        <UnitName Value="uComDeviceService"/>
      </Unit14>
      <Unit15>
        <Filename Value="ukbddevice.pas"/>
        <IsPartOfProject Value="True"/>
        <UnitName Value="uKbdDevice"/>
      </Unit15>
      <Unit16>
        <Filename Value="ukbddeviceservice.pas"/>
        <IsPartOfProject Value="True"/>
        <UnitName Value="uKbdDeviceService"/>
      </Unit16>
      <Unit17>
        <Filename Value="uRawInput.pas"/>
        <IsPartOfProject Value="True"/>
        <UnitName Value="uRawInput"/>
      </Unit17>
      <Unit18>
        <Filename Value="uhookservice.pas"/>
        <IsPartOfProject Value="True"/>
        <UnitName Value="uHookService"/>
      </Unit18>
      <Unit19>
        <Filename Value="uHookCommon.pas"/>
        <IsPartOfProject Value="True"/>
        <UnitName Value="uHookCommon"/>
      </Unit19>
      <Unit20>
        <Filename Value="ukeylogservice.pas"/>
        <IsPartOfProject Value="True"/>
        <UnitName Value="uKeyLogService"/>
      </Unit20>
      <Unit21>
        <Filename Value="uSendKeys.pas"/>
        <IsPartOfProject Value="True"/>
        <UnitName Value="uSendKeys"/>
      </Unit21>
      <Unit22>
        <Filename Value="uscanservice.pas"/>
        <IsPartOfProject Value="True"/>
        <UnitName Value="uScanService"/>
      </Unit22>
    </Units>
  </ProjectOptions>
  <CompilerOptions>
    <Version Value="11"/>
    <PathDelim Value="\"/>
    <Target>
      <Filename Value="..\out\LuaMacros"/>
    </Target>
    <SearchPaths>
      <IncludeFiles Value="$(ProjOutDir)"/>
      <OtherUnitFiles Value="..\inc\lua;..\inc\XPL_SDK212_XPLM;..\inc\DirectX_Borland_D9-10;..\inc\AsyncFree104"/>
      <UnitOutputDirectory Value="lib\$(TargetCPU)-$(TargetOS)"/>
    </SearchPaths>
    <Parsing>
      <SyntaxOptions>
        <SyntaxMode Value="Delphi"/>
      </SyntaxOptions>
    </Parsing>
    <Linking>
      <Debugging>
        <GenerateDebugInfo Value="False"/>
      </Debugging>
      <Options>
        <Win32>
          <GraphicApplication Value="True"/>
        </Win32>
      </Options>
    </Linking>
    <Other>
      <CompilerMessages>
        <MsgFileName Value=""/>
      </CompilerMessages>
      <CompilerPath Value="$(CompPath)"/>
    </Other>
  </CompilerOptions>
  <Debugging>
    <Exceptions Count="3">
      <Item1>
        <Name Value="EAbort"/>
      </Item1>
      <Item2>
        <Name Value="ECodetoolError"/>
      </Item2>
      <Item3>
        <Name Value="EFOpenError"/>
      </Item3>
    </Exceptions>
  </Debugging>
</CONFIG>
