<?xml version="1.0" encoding="UTF-8"?>
<CONFIG>
  <ProjectOptions>
    <Version Value="10"/>
    <PathDelim Value="\"/>
    <General>
      <SessionStorage Value="InProjectDir"/>
      <MainUnit Value="0"/>
      <Title Value="LuaMacros"/>
      <ResourceType Value="res"/>
      <UseXPManifest Value="True"/>
      <Icon Value="0"/>
    </General>
    <i18n>
      <EnableI18N LFM="False"/>
    </i18n>
    <VersionInfo>
      <UseVersionInfo Value="True"/>
      <AutoIncrementBuild Value="True"/>
      <MinorVersionNr Value="1"/>
      <RevisionNr Value="1"/>
      <BuildNr Value="99"/>
      <StringTable ProductVersion="0.1.1.68"/>
    </VersionInfo>
    <BuildModes Count="1">
      <Item1 Name="Default" Default="True"/>
    </BuildModes>
    <PublishOptions>
      <Version Value="2"/>
    </PublishOptions>
    <RunParams>
      <local>
        <FormatVersion Value="1"/>
        <CommandLineParams Value="c:\work\lmc\2\luamacros\src\test.lua -L TMR"/>
      </local>
    </RunParams>
    <RequiredPackages Count="6">
      <Item1>
        <PackageName Value="ExtraHighlighters"/>
      </Item1>
      <Item2>
        <PackageName Value="lnetbase"/>
      </Item2>
      <Item3>
        <PackageName Value="uniqueinstance_package"/>
      </Item3>
      <Item4>
        <PackageName Value="LazSerialPort"/>
      </Item4>
      <Item5>
        <PackageName Value="SynEdit"/>
      </Item5>
      <Item6>
        <PackageName Value="LCL"/>
      </Item6>
    </RequiredPackages>
    <Units Count="34">
      <Unit0>
        <Filename Value="LuaMacros.lpr"/>
        <IsPartOfProject Value="True"/>
      </Unit0>
      <Unit1>
        <Filename Value="umainfrm.pas"/>
        <IsPartOfProject Value="True"/>
        <ComponentName Value="LmcMainForm"/>
        <HasResources Value="True"/>
        <ResourceBaseClass Value="Form"/>
        <UnitName Value="uMainFrm"/>
      </Unit1>
      <Unit2>
        <Filename Value="MemMap.pas"/>
        <IsPartOfProject Value="True"/>
      </Unit2>
      <Unit3>
        <Filename Value="uXplCommon.pas"/>
        <IsPartOfProject Value="True"/>
      </Unit3>
      <Unit4>
        <Filename Value="uXplControl.pas"/>
        <IsPartOfProject Value="True"/>
      </Unit4>
      <Unit5>
        <Filename Value="uglobals.pas"/>
        <IsPartOfProject Value="True"/>
        <UnitName Value="uGlobals"/>
      </Unit5>
      <Unit6>
        <Filename Value="uluacmdxpl.pas"/>
        <IsPartOfProject Value="True"/>
        <UnitName Value="uLuaCmdXpl"/>
      </Unit6>
      <Unit7>
        <Filename Value="uluaengine.pas"/>
        <IsPartOfProject Value="True"/>
        <UnitName Value="uLuaEngine"/>
      </Unit7>
      <Unit8>
        <Filename Value="udxdeviceservice.pas"/>
        <IsPartOfProject Value="True"/>
        <UnitName Value="uDxDeviceService"/>
      </Unit8>
      <Unit9>
        <Filename Value="udevice.pas"/>
        <IsPartOfProject Value="True"/>
        <UnitName Value="uDevice"/>
      </Unit9>
      <Unit10>
        <Filename Value="udxdevice.pas"/>
        <IsPartOfProject Value="True"/>
        <UnitName Value="uDxDevice"/>
      </Unit10>
      <Unit11>
        <Filename Value="udeviceservice.pas"/>
        <IsPartOfProject Value="True"/>
        <UnitName Value="uDeviceService"/>
      </Unit11>
      <Unit12>
        <Filename Value="uluacmddevice.pas"/>
        <IsPartOfProject Value="True"/>
        <UnitName Value="uLuaCmdDevice"/>
      </Unit12>
      <Unit13>
        <Filename Value="ucomdevice.pas"/>
        <IsPartOfProject Value="True"/>
        <UnitName Value="uComDevice"/>
      </Unit13>
      <Unit14>
        <Filename Value="ucomdeviceservice.pas"/>
        <IsPartOfProject Value="True"/>
        <UnitName Value="uComDeviceService"/>
      </Unit14>
      <Unit15>
        <Filename Value="ukbddevice.pas"/>
        <IsPartOfProject Value="True"/>
        <UnitName Value="uKbdDevice"/>
      </Unit15>
      <Unit16>
        <Filename Value="ukbddeviceservice.pas"/>
        <IsPartOfProject Value="True"/>
        <UnitName Value="uKbdDeviceService"/>
      </Unit16>
      <Unit17>
        <Filename Value="uRawInput.pas"/>
        <IsPartOfProject Value="True"/>
      </Unit17>
      <Unit18>
        <Filename Value="uhookservice.pas"/>
        <IsPartOfProject Value="True"/>
        <UnitName Value="uHookService"/>
      </Unit18>
      <Unit19>
        <Filename Value="uHookCommon.pas"/>
        <IsPartOfProject Value="True"/>
      </Unit19>
      <Unit20>
        <Filename Value="ukeylogservice.pas"/>
        <IsPartOfProject Value="True"/>
        <UnitName Value="uKeyLogService"/>
      </Unit20>
      <Unit21>
        <Filename Value="uSendKeys.pas"/>
        <IsPartOfProject Value="True"/>
      </Unit21>
      <Unit22>
        <Filename Value="uscanservice.pas"/>
        <IsPartOfProject Value="True"/>
        <UnitName Value="uScanService"/>
      </Unit22>
      <Unit23>
        <Filename Value="uluacmdmainwindow.pas"/>
        <IsPartOfProject Value="True"/>
        <UnitName Value="uLuaCmdMainWindow"/>
      </Unit23>
      <Unit24>
        <Filename Value="uxpllistener.pas"/>
        <IsPartOfProject Value="True"/>
        <UnitName Value="uXplListener"/>
      </Unit24>
      <Unit25>
        <Filename Value="uxplsender.pas"/>
        <IsPartOfProject Value="True"/>
        <UnitName Value="uXplSender"/>
      </Unit25>
      <Unit26>
        <Filename Value="uxplmessages.pas"/>
        <IsPartOfProject Value="True"/>
        <UnitName Value="uXplMessages"/>
      </Unit26>
      <Unit27>
        <Filename Value="uconfigservice.pas"/>
        <IsPartOfProject Value="True"/>
        <UnitName Value="uConfigService"/>
      </Unit27>
      <Unit28>
        <Filename Value="uhttpserver.pas"/>
        <IsPartOfProject Value="True"/>
        <UnitName Value="uHttpServer"/>
      </Unit28>
      <Unit29>
        <Filename Value="uluacmdhttp.pas"/>
        <IsPartOfProject Value="True"/>
        <UnitName Value="uLuaCmdHttp"/>
      </Unit29>
      <Unit30>
        <Filename Value="uspeechservice.pas"/>
        <IsPartOfProject Value="True"/>
        <UnitName Value="uSpeechService"/>
      </Unit30>
      <Unit31>
        <Filename Value="uStatsForm.pas"/>
        <IsPartOfProject Value="True"/>
        <ComponentName Value="StatisticsForm"/>
        <HasResources Value="True"/>
        <ResourceBaseClass Value="Form"/>
      </Unit31>
      <Unit32>
        <Filename Value="uStatsService.pas"/>
        <IsPartOfProject Value="True"/>
      </Unit32>
      <Unit33>
        <Filename Value="utimerservice.pas"/>
        <IsPartOfProject Value="True"/>
        <UnitName Value="uTimerService"/>
      </Unit33>
    </Units>
  </ProjectOptions>
  <CompilerOptions>
    <Version Value="11"/>
    <PathDelim Value="\"/>
    <Target>
      <Filename Value="..\out\LuaMacros"/>
    </Target>
    <SearchPaths>
      <IncludeFiles Value="$(ProjOutDir)"/>
      <OtherUnitFiles Value="..\inc\lua;..\inc\XPL_SDK213_XPLM;..\inc\DirectX_Borland_D9-10;..\inc\synapse40"/>
      <UnitOutputDirectory Value="lib\$(TargetCPU)-$(TargetOS)"/>
    </SearchPaths>
    <Parsing>
      <SyntaxOptions>
        <SyntaxMode Value="Delphi"/>
      </SyntaxOptions>
    </Parsing>
    <Linking>
      <Debugging>
        <GenerateDebugInfo Value="False"/>
      </Debugging>
      <Options>
        <Win32>
          <GraphicApplication Value="True"/>
        </Win32>
      </Options>
    </Linking>
  </CompilerOptions>
</CONFIG>
