<?xml version="1.0" encoding="UTF-8"?>
<CONFIG>
  <ProjectOptions>
    <Version Value="9"/>
    <PathDelim Value="\"/>
    <General>
      <Flags>
        <MainUnitHasCreateFormStatements Value="False"/>
        <MainUnitHasTitleStatement Value="False"/>
      </Flags>
      <SessionStorage Value="InProjectDir"/>
      <MainUnit Value="0"/>
      <Title Value="XplPlugin"/>
      <UseAppBundle Value="False"/>
      <ResourceType Value="res"/>
    </General>
    <i18n>
      <EnableI18N LFM="False"/>
    </i18n>
    <VersionInfo>
      <StringTable ProductVersion=""/>
    </VersionInfo>
    <BuildModes Count="1">
      <Item1 Name="Default" Default="True"/>
    </BuildModes>
    <PublishOptions>
      <Version Value="2"/>
      <IncludeFileFilter Value="*.(pas|pp|inc|lfm|lpr|lrs|lpi|lpk|sh|xml)"/>
      <ExcludeFileFilter Value="*.(bak|ppu|o|so);*~;backup"/>
    </PublishOptions>
    <RunParams>
      <local>
        <FormatVersion Value="1"/>
      </local>
    </RunParams>
    <Units Count="9">
      <Unit0>
        <Filename Value="XplPlugin.lpr"/>
        <IsPartOfProject Value="True"/>
      </Unit0>
      <Unit1>
        <Filename Value="uXplPluginEngine.pas"/>
        <IsPartOfProject Value="True"/>
        <UnitName Value="uXplPluginEngine"/>
      </Unit1>
      <Unit2>
        <Filename Value="uXplCommon.pas"/>
        <IsPartOfProject Value="True"/>
        <UnitName Value="uXplCommon"/>
      </Unit2>
      <Unit3>
        <Filename Value="MemMap.pas"/>
        <IsPartOfProject Value="True"/>
        <UnitName Value="MemMap"/>
      </Unit3>
      <Unit4>
        <Filename Value="uxplsender.pas"/>
        <IsPartOfProject Value="True"/>
        <UnitName Value="uXplSender"/>
      </Unit4>
      <Unit5>
        <Filename Value="uxplabstractreceiver.pas"/>
        <IsPartOfProject Value="True"/>
        <UnitName Value="uXplAbstractReceiver"/>
      </Unit5>
      <Unit6>
        <Filename Value="uxplpluginreceiver.pas"/>
        <IsPartOfProject Value="True"/>
        <UnitName Value="uXplPluginReceiver"/>
      </Unit6>
      <Unit7>
        <Filename Value="uxplmessages.pas"/>
        <IsPartOfProject Value="True"/>
        <UnitName Value="uXplMessages"/>
      </Unit7>
      <Unit8>
        <Filename Value="uXplLogger.pas"/>
        <IsPartOfProject Value="True"/>
      </Unit8>
    </Units>
  </ProjectOptions>
  <CompilerOptions>
    <Version Value="11"/>
    <PathDelim Value="\"/>
    <Target>
      <Filename Value="..\out\win.xpl" ApplyConventions="False"/>
    </Target>
    <SearchPaths>
      <IncludeFiles Value="$(ProjOutDir)"/>
      <Libraries Value="..\lib\SDK"/>
      <OtherUnitFiles Value="..\inc\XPL_SDK213_XPLM"/>
      <UnitOutputDirectory Value="..\out"/>
    </SearchPaths>
    <Parsing>
      <SyntaxOptions>
        <SyntaxMode Value="Delphi"/>
      </SyntaxOptions>
    </Parsing>
    <CodeGeneration>
      <RelocatableUnit Value="True"/>
      <TargetOS Value="win64"/>
    </CodeGeneration>
    <Linking>
      <Debugging>
        <GenerateDebugInfo Value="False"/>
      </Debugging>
      <Options>
        <ExecutableType Value="Library"/>
      </Options>
    </Linking>
    <Other>
      <CustomOptions Value="-dXPLM210 -dXPLM200"/>
      <CompilerPath Value="$(CompPath)"/>
    </Other>
  </CompilerOptions>
  <Debugging>
    <Exceptions Count="3">
      <Item1>
        <Name Value="EAbort"/>
      </Item1>
      <Item2>
        <Name Value="ECodetoolError"/>
      </Item2>
      <Item3>
        <Name Value="EFOpenError"/>
      </Item3>
    </Exceptions>
  </Debugging>
</CONFIG>
